# This file is autogenerated, do not edit; changes may be undone by the next 'dep ensure'.


[[projects]]
  branch = "master"
  name = "github.com/hashicorp/logutils"
  packages = ["."]
  revision = "0dc08b1671f34c4250ce212759ebd880f743d883"

[solve-meta]
  analyzer-name = "dep"
  analyzer-version = 1
  inputs-digest = "cad230cba9165f600d3e96dd4f7cfb58b1cc99f726645a9f0a7addebac442eca"
  solver-name = "gps-cdcl"
  solver-version = 1
